// !$*UTF8*$!
{
	archiveVersion = 1;
	classes = {
	};
	objectVersion = 56;
	objects = {

/* Begin PBXBuildFile section */
		9708B1C62BF28D1B00D170EA /* FeedViewControllerTests.swift in Sources */ = {isa = PBXBuildFile; fileRef = 9708B1C42BF28D1500D170EA /* FeedViewControllerTests.swift */; };
		9708B1C82BF28E9800D170EA /* FeedViewController.swift in Sources */ = {isa = PBXBuildFile; fileRef = 9708B1C72BF28E9800D170EA /* FeedViewController.swift */; };
		9708B1C92BF28F1100D170EA /* XCTCase+MemoryTrackerHelper.swift in Sources */ = {isa = PBXBuildFile; fileRef = 97E3BD272BCE9E76005D8B4E /* XCTCase+MemoryTrackerHelper.swift */; };
		97102C442BD7D5AE007C90B3 /* LocalFeedLoader.swift in Sources */ = {isa = PBXBuildFile; fileRef = 97102C432BD7D5AE007C90B3 /* LocalFeedLoader.swift */; };
		97102C462BD7D649007C90B3 /* FeedStore.swift in Sources */ = {isa = PBXBuildFile; fileRef = 97102C452BD7D649007C90B3 /* FeedStore.swift */; };
		97102C482BD84EBC007C90B3 /* LocalFeedImage.swift in Sources */ = {isa = PBXBuildFile; fileRef = 97102C472BD84EBC007C90B3 /* LocalFeedImage.swift */; };
		97102C4A2BD8FE3E007C90B3 /* LoadFeedFromCacheUseCaseTests.swift in Sources */ = {isa = PBXBuildFile; fileRef = 97102C492BD8FE3E007C90B3 /* LoadFeedFromCacheUseCaseTests.swift */; };
		97102C4D2BD90020007C90B3 /* FeedStoreSPY.swift in Sources */ = {isa = PBXBuildFile; fileRef = 97102C4C2BD90020007C90B3 /* FeedStoreSPY.swift */; };
		97102C4F2BD958DF007C90B3 /* ValidateFeedCacheUseCaseTests.swift in Sources */ = {isa = PBXBuildFile; fileRef = 97102C4E2BD958DF007C90B3 /* ValidateFeedCacheUseCaseTests.swift */; };
		97102C512BD972CB007C90B3 /* FeedCacheTestHelpers.swift in Sources */ = {isa = PBXBuildFile; fileRef = 97102C502BD972CB007C90B3 /* FeedCacheTestHelpers.swift */; };
		97102C532BD97517007C90B3 /* SharedTestHelpers.swift in Sources */ = {isa = PBXBuildFile; fileRef = 97102C522BD97517007C90B3 /* SharedTestHelpers.swift */; };
		97102C552BDA5466007C90B3 /* FeedCachePolicy.swift in Sources */ = {isa = PBXBuildFile; fileRef = 97102C542BDA5466007C90B3 /* FeedCachePolicy.swift */; };
		97102C5B2BE05B60007C90B3 /* FeedStoreSpecs.swift in Sources */ = {isa = PBXBuildFile; fileRef = 97102C5A2BE05B60007C90B3 /* FeedStoreSpecs.swift */; };
		97102C5D2BE05E19007C90B3 /* XCTestCase+FeedStoreSpecs.swift in Sources */ = {isa = PBXBuildFile; fileRef = 97102C5C2BE05E19007C90B3 /* XCTestCase+FeedStoreSpecs.swift */; };
		97192B8B2BD69E9800AE5E69 /* CacheFeedUseCaseTests.swift in Sources */ = {isa = PBXBuildFile; fileRef = 97192B8A2BD69E9800AE5E69 /* CacheFeedUseCaseTests.swift */; };
		973BA9CE2BC5478C00013B53 /* FeedApp.framework in Frameworks */ = {isa = PBXBuildFile; fileRef = 973BA9C52BC5478900013B53 /* FeedApp.framework */; };
		973BA9D32BC5478C00013B53 /* LoadFeedFromRemoteUseCaseTests.swift in Sources */ = {isa = PBXBuildFile; fileRef = 973BA9D22BC5478C00013B53 /* LoadFeedFromRemoteUseCaseTests.swift */; };
		973BA9D42BC5478C00013B53 /* FeedApp.h in Headers */ = {isa = PBXBuildFile; fileRef = 973BA9C82BC5478900013B53 /* FeedApp.h */; settings = {ATTRIBUTES = (Public, ); }; };
		973BA9DE2BC547C400013B53 /* FeedImage.swift in Sources */ = {isa = PBXBuildFile; fileRef = 973BA9DD2BC547C400013B53 /* FeedImage.swift */; };
		973BA9E02BC5489600013B53 /* FeedLoader.swift in Sources */ = {isa = PBXBuildFile; fileRef = 973BA9DF2BC5489600013B53 /* FeedLoader.swift */; };
		973BA9E42BC57C6700013B53 /* RemoteFeedLoader.swift in Sources */ = {isa = PBXBuildFile; fileRef = 973BA9E32BC57C6700013B53 /* RemoteFeedLoader.swift */; };
		974D6F3F2BF366A700F7211C /* FeedImageCell.swift in Sources */ = {isa = PBXBuildFile; fileRef = 974D6F3E2BF366A700F7211C /* FeedImageCell.swift */; };
		974D6F412BF3A07B00F7211C /* UIView+Shimmering.swift in Sources */ = {isa = PBXBuildFile; fileRef = 974D6F402BF3A07B00F7211C /* UIView+Shimmering.swift */; };
		974D6F472BF4DB9900F7211C /* FeedImageDataLoader.swift in Sources */ = {isa = PBXBuildFile; fileRef = 974D6F462BF4DB9900F7211C /* FeedImageDataLoader.swift */; };
		974D6F4B2BF4DD5200F7211C /* UIImage+TestHelpers.swift in Sources */ = {isa = PBXBuildFile; fileRef = 974D6F492BF4DD0C00F7211C /* UIImage+TestHelpers.swift */; };
		974D6F4D2BF4DDA100F7211C /* UIRefreshControl+TestHelpers.swift in Sources */ = {isa = PBXBuildFile; fileRef = 974D6F4C2BF4DDA100F7211C /* UIRefreshControl+TestHelpers.swift */; };
		974D6F4F2BF4DDEE00F7211C /* UIButton+TestHelpers.swift in Sources */ = {isa = PBXBuildFile; fileRef = 974D6F4E2BF4DDED00F7211C /* UIButton+TestHelpers.swift */; };
		974D6F512BF4DE4F00F7211C /* UIControl+TestHelpers.swift in Sources */ = {isa = PBXBuildFile; fileRef = 974D6F502BF4DE4F00F7211C /* UIControl+TestHelpers.swift */; };
		974D6F532BF4DF0400F7211C /* FeedViewController+TestHelpers.swift in Sources */ = {isa = PBXBuildFile; fileRef = 974D6F522BF4DF0400F7211C /* FeedViewController+TestHelpers.swift */; };
		974D6F552BF4DF7500F7211C /* FeedImageCell+TestHelpers.swift in Sources */ = {isa = PBXBuildFile; fileRef = 974D6F542BF4DF7500F7211C /* FeedImageCell+TestHelpers.swift */; };
		975945E22BCA777C005F6F16 /* HTTPClient.swift in Sources */ = {isa = PBXBuildFile; fileRef = 975945E12BCA777C005F6F16 /* HTTPClient.swift */; };
		975945E42BCA77E6005F6F16 /* FeedItemsMapper.swift in Sources */ = {isa = PBXBuildFile; fileRef = 975945E32BCA77E6005F6F16 /* FeedItemsMapper.swift */; };
		975F8C8C2BE060CC008489E7 /* XCTestCase+FailableInsertFeedStoreSpecs.swift in Sources */ = {isa = PBXBuildFile; fileRef = 975F8C8B2BE060CC008489E7 /* XCTestCase+FailableInsertFeedStoreSpecs.swift */; };
		975F8C8E2BE0614E008489E7 /* XCTestCase+FailableDeleteFeedStoreSpecs.swift in Sources */ = {isa = PBXBuildFile; fileRef = 975F8C8D2BE0614E008489E7 /* XCTestCase+FailableDeleteFeedStoreSpecs.swift */; };
		975F8C902BE061E7008489E7 /* XCTestCase+FailableRetrieveFeedStoreSpecs.swift in Sources */ = {isa = PBXBuildFile; fileRef = 975F8C8F2BE061E7008489E7 /* XCTestCase+FailableRetrieveFeedStoreSpecs.swift */; };
		97993B642BEE50D500C453F7 /* FeedAppiOS.framework in Frameworks */ = {isa = PBXBuildFile; fileRef = 97993B5C2BEE50D400C453F7 /* FeedAppiOS.framework */; };
		97AAE3A02BE504EC0073BD75 /* CoreDataFeedStoreTests.swift in Sources */ = {isa = PBXBuildFile; fileRef = 97AAE39F2BE504EC0073BD75 /* CoreDataFeedStoreTests.swift */; };
		97AAE3A22BE5057F0073BD75 /* CoreDataFeedStore.swift in Sources */ = {isa = PBXBuildFile; fileRef = 97AAE3A12BE5057F0073BD75 /* CoreDataFeedStore.swift */; };
		97AAE3A52BE506480073BD75 /* FeedStore.xcdatamodeld in Sources */ = {isa = PBXBuildFile; fileRef = 97AAE3A32BE506480073BD75 /* FeedStore.xcdatamodeld */; };
		97AAE3AA2BE5246E0073BD75 /* CoreDataHelpers.swift in Sources */ = {isa = PBXBuildFile; fileRef = 97AAE3A92BE5246E0073BD75 /* CoreDataHelpers.swift */; };
		97AAE3AC2BE525230073BD75 /* ManagedCache.swift in Sources */ = {isa = PBXBuildFile; fileRef = 97AAE3AB2BE525230073BD75 /* ManagedCache.swift */; };
		97AAE3AE2BE525340073BD75 /* ManagedFeedImage.swift in Sources */ = {isa = PBXBuildFile; fileRef = 97AAE3AD2BE525340073BD75 /* ManagedFeedImage.swift */; };
		97AAE3B62BE535030073BD75 /* FeedAppCacheIntegrationTests.swift in Sources */ = {isa = PBXBuildFile; fileRef = 97AAE3B52BE535030073BD75 /* FeedAppCacheIntegrationTests.swift */; };
		97AAE3B72BE535030073BD75 /* FeedApp.framework in Frameworks */ = {isa = PBXBuildFile; fileRef = 973BA9C52BC5478900013B53 /* FeedApp.framework */; };
		97AAE3BD2BE537B20073BD75 /* XCTCase+MemoryTrackerHelper.swift in Sources */ = {isa = PBXBuildFile; fileRef = 97E3BD272BCE9E76005D8B4E /* XCTCase+MemoryTrackerHelper.swift */; };
		97C7A62D2BE63CD600E00EEE /* FeedCacheTestHelpers.swift in Sources */ = {isa = PBXBuildFile; fileRef = 97102C502BD972CB007C90B3 /* FeedCacheTestHelpers.swift */; };
		97C7A62E2BE63CFB00E00EEE /* SharedTestHelpers.swift in Sources */ = {isa = PBXBuildFile; fileRef = 97102C522BD97517007C90B3 /* SharedTestHelpers.swift */; };
		97D7D5752BF35DD600FE3099 /* FeedApp.framework in Frameworks */ = {isa = PBXBuildFile; fileRef = 973BA9C52BC5478900013B53 /* FeedApp.framework */; platformFilter = ios; };
		97E3BD262BCDB734005D8B4E /* URLSessionHTTPClientTests.swift in Sources */ = {isa = PBXBuildFile; fileRef = 97E3BD252BCDB734005D8B4E /* URLSessionHTTPClientTests.swift */; };
		97E3BD292BCE9EC7005D8B4E /* XCTCase+MemoryTrackerHelper.swift in Sources */ = {isa = PBXBuildFile; fileRef = 97E3BD272BCE9E76005D8B4E /* XCTCase+MemoryTrackerHelper.swift */; };
		97E3BD2B2BCEC69C005D8B4E /* URLSessionHTTPClient.swift in Sources */ = {isa = PBXBuildFile; fileRef = 97E3BD2A2BCEC69C005D8B4E /* URLSessionHTTPClient.swift */; };
		97E3BD342BCF0CB2005D8B4E /* FeedAppEndToEndTests.swift in Sources */ = {isa = PBXBuildFile; fileRef = 97E3BD332BCF0CB2005D8B4E /* FeedAppEndToEndTests.swift */; };
		97E3BD352BCF0CB2005D8B4E /* FeedApp.framework in Frameworks */ = {isa = PBXBuildFile; fileRef = 973BA9C52BC5478900013B53 /* FeedApp.framework */; };
		97E3BD3B2BCF120B005D8B4E /* XCTCase+MemoryTrackerHelper.swift in Sources */ = {isa = PBXBuildFile; fileRef = 97E3BD272BCE9E76005D8B4E /* XCTCase+MemoryTrackerHelper.swift */; };
/* End PBXBuildFile section */

/* Begin PBXContainerItemProxy section */
		973BA9CF2BC5478C00013B53 /* PBXContainerItemProxy */ = {
			isa = PBXContainerItemProxy;
			containerPortal = 973BA9BC2BC5478900013B53 /* Project object */;
			proxyType = 1;
			remoteGlobalIDString = 973BA9C42BC5478900013B53;
			remoteInfo = FeedApp;
		};
		97993B652BEE50D500C453F7 /* PBXContainerItemProxy */ = {
			isa = PBXContainerItemProxy;
			containerPortal = 973BA9BC2BC5478900013B53 /* Project object */;
			proxyType = 1;
			remoteGlobalIDString = 97993B5B2BEE50D400C453F7;
			remoteInfo = FeedAppiOS;
		};
		97AAE3B82BE535030073BD75 /* PBXContainerItemProxy */ = {
			isa = PBXContainerItemProxy;
			containerPortal = 973BA9BC2BC5478900013B53 /* Project object */;
			proxyType = 1;
			remoteGlobalIDString = 973BA9C42BC5478900013B53;
			remoteInfo = FeedApp;
		};
		97D7D5772BF35DD600FE3099 /* PBXContainerItemProxy */ = {
			isa = PBXContainerItemProxy;
			containerPortal = 973BA9BC2BC5478900013B53 /* Project object */;
			proxyType = 1;
			remoteGlobalIDString = 973BA9C42BC5478900013B53;
			remoteInfo = FeedApp;
		};
		97E3BD362BCF0CB2005D8B4E /* PBXContainerItemProxy */ = {
			isa = PBXContainerItemProxy;
			containerPortal = 973BA9BC2BC5478900013B53 /* Project object */;
			proxyType = 1;
			remoteGlobalIDString = 973BA9C42BC5478900013B53;
			remoteInfo = FeedApp;
		};
/* End PBXContainerItemProxy section */

/* Begin PBXFileReference section */
		9708B1C32BF28AE800D170EA /* FeedAppiOS.xctestplan */ = {isa = PBXFileReference; lastKnownFileType = text; path = FeedAppiOS.xctestplan; sourceTree = "<group>"; };
		9708B1C42BF28D1500D170EA /* FeedViewControllerTests.swift */ = {isa = PBXFileReference; lastKnownFileType = sourcecode.swift; path = FeedViewControllerTests.swift; sourceTree = "<group>"; };
		9708B1C72BF28E9800D170EA /* FeedViewController.swift */ = {isa = PBXFileReference; lastKnownFileType = sourcecode.swift; path = FeedViewController.swift; sourceTree = "<group>"; };
		97102C432BD7D5AE007C90B3 /* LocalFeedLoader.swift */ = {isa = PBXFileReference; lastKnownFileType = sourcecode.swift; path = LocalFeedLoader.swift; sourceTree = "<group>"; };
		97102C452BD7D649007C90B3 /* FeedStore.swift */ = {isa = PBXFileReference; lastKnownFileType = sourcecode.swift; path = FeedStore.swift; sourceTree = "<group>"; };
		97102C472BD84EBC007C90B3 /* LocalFeedImage.swift */ = {isa = PBXFileReference; lastKnownFileType = sourcecode.swift; path = LocalFeedImage.swift; sourceTree = "<group>"; };
		97102C492BD8FE3E007C90B3 /* LoadFeedFromCacheUseCaseTests.swift */ = {isa = PBXFileReference; lastKnownFileType = sourcecode.swift; path = LoadFeedFromCacheUseCaseTests.swift; sourceTree = "<group>"; };
		97102C4C2BD90020007C90B3 /* FeedStoreSPY.swift */ = {isa = PBXFileReference; lastKnownFileType = sourcecode.swift; path = FeedStoreSPY.swift; sourceTree = "<group>"; };
		97102C4E2BD958DF007C90B3 /* ValidateFeedCacheUseCaseTests.swift */ = {isa = PBXFileReference; lastKnownFileType = sourcecode.swift; path = ValidateFeedCacheUseCaseTests.swift; sourceTree = "<group>"; };
		97102C502BD972CB007C90B3 /* FeedCacheTestHelpers.swift */ = {isa = PBXFileReference; lastKnownFileType = sourcecode.swift; path = FeedCacheTestHelpers.swift; sourceTree = "<group>"; };
		97102C522BD97517007C90B3 /* SharedTestHelpers.swift */ = {isa = PBXFileReference; lastKnownFileType = sourcecode.swift; path = SharedTestHelpers.swift; sourceTree = "<group>"; };
		97102C542BDA5466007C90B3 /* FeedCachePolicy.swift */ = {isa = PBXFileReference; lastKnownFileType = sourcecode.swift; path = FeedCachePolicy.swift; sourceTree = "<group>"; };
		97102C5A2BE05B60007C90B3 /* FeedStoreSpecs.swift */ = {isa = PBXFileReference; lastKnownFileType = sourcecode.swift; path = FeedStoreSpecs.swift; sourceTree = "<group>"; };
		97102C5C2BE05E19007C90B3 /* XCTestCase+FeedStoreSpecs.swift */ = {isa = PBXFileReference; lastKnownFileType = sourcecode.swift; path = "XCTestCase+FeedStoreSpecs.swift"; sourceTree = "<group>"; };
		97192B8A2BD69E9800AE5E69 /* CacheFeedUseCaseTests.swift */ = {isa = PBXFileReference; lastKnownFileType = sourcecode.swift; path = CacheFeedUseCaseTests.swift; sourceTree = "<group>"; };
		973BA9C52BC5478900013B53 /* FeedApp.framework */ = {isa = PBXFileReference; explicitFileType = wrapper.framework; includeInIndex = 0; path = FeedApp.framework; sourceTree = BUILT_PRODUCTS_DIR; };
		973BA9C82BC5478900013B53 /* FeedApp.h */ = {isa = PBXFileReference; lastKnownFileType = sourcecode.c.h; path = FeedApp.h; sourceTree = "<group>"; };
		973BA9CD2BC5478C00013B53 /* FeedAppTests.xctest */ = {isa = PBXFileReference; explicitFileType = wrapper.cfbundle; includeInIndex = 0; path = FeedAppTests.xctest; sourceTree = BUILT_PRODUCTS_DIR; };
		973BA9D22BC5478C00013B53 /* LoadFeedFromRemoteUseCaseTests.swift */ = {isa = PBXFileReference; lastKnownFileType = sourcecode.swift; path = LoadFeedFromRemoteUseCaseTests.swift; sourceTree = "<group>"; };
		973BA9DD2BC547C400013B53 /* FeedImage.swift */ = {isa = PBXFileReference; lastKnownFileType = sourcecode.swift; path = FeedImage.swift; sourceTree = "<group>"; };
		973BA9DF2BC5489600013B53 /* FeedLoader.swift */ = {isa = PBXFileReference; lastKnownFileType = sourcecode.swift; path = FeedLoader.swift; sourceTree = "<group>"; };
		973BA9E32BC57C6700013B53 /* RemoteFeedLoader.swift */ = {isa = PBXFileReference; lastKnownFileType = sourcecode.swift; path = RemoteFeedLoader.swift; sourceTree = "<group>"; };
		974D6F3E2BF366A700F7211C /* FeedImageCell.swift */ = {isa = PBXFileReference; lastKnownFileType = sourcecode.swift; path = FeedImageCell.swift; sourceTree = "<group>"; };
		974D6F402BF3A07B00F7211C /* UIView+Shimmering.swift */ = {isa = PBXFileReference; lastKnownFileType = sourcecode.swift; path = "UIView+Shimmering.swift"; sourceTree = "<group>"; };
		974D6F462BF4DB9900F7211C /* FeedImageDataLoader.swift */ = {isa = PBXFileReference; lastKnownFileType = sourcecode.swift; path = FeedImageDataLoader.swift; sourceTree = "<group>"; };
		974D6F492BF4DD0C00F7211C /* UIImage+TestHelpers.swift */ = {isa = PBXFileReference; lastKnownFileType = sourcecode.swift; path = "UIImage+TestHelpers.swift"; sourceTree = "<group>"; };
		974D6F4C2BF4DDA100F7211C /* UIRefreshControl+TestHelpers.swift */ = {isa = PBXFileReference; lastKnownFileType = sourcecode.swift; path = "UIRefreshControl+TestHelpers.swift"; sourceTree = "<group>"; };
		974D6F4E2BF4DDED00F7211C /* UIButton+TestHelpers.swift */ = {isa = PBXFileReference; lastKnownFileType = sourcecode.swift; path = "UIButton+TestHelpers.swift"; sourceTree = "<group>"; };
		974D6F502BF4DE4F00F7211C /* UIControl+TestHelpers.swift */ = {isa = PBXFileReference; lastKnownFileType = sourcecode.swift; path = "UIControl+TestHelpers.swift"; sourceTree = "<group>"; };
		974D6F522BF4DF0400F7211C /* FeedViewController+TestHelpers.swift */ = {isa = PBXFileReference; lastKnownFileType = sourcecode.swift; path = "FeedViewController+TestHelpers.swift"; sourceTree = "<group>"; };
		974D6F542BF4DF7500F7211C /* FeedImageCell+TestHelpers.swift */ = {isa = PBXFileReference; lastKnownFileType = sourcecode.swift; path = "FeedImageCell+TestHelpers.swift"; sourceTree = "<group>"; };
		975945E12BCA777C005F6F16 /* HTTPClient.swift */ = {isa = PBXFileReference; lastKnownFileType = sourcecode.swift; path = HTTPClient.swift; sourceTree = "<group>"; };
		975945E32BCA77E6005F6F16 /* FeedItemsMapper.swift */ = {isa = PBXFileReference; lastKnownFileType = sourcecode.swift; path = FeedItemsMapper.swift; sourceTree = "<group>"; };
		975F8C8B2BE060CC008489E7 /* XCTestCase+FailableInsertFeedStoreSpecs.swift */ = {isa = PBXFileReference; lastKnownFileType = sourcecode.swift; path = "XCTestCase+FailableInsertFeedStoreSpecs.swift"; sourceTree = "<group>"; };
		975F8C8D2BE0614E008489E7 /* XCTestCase+FailableDeleteFeedStoreSpecs.swift */ = {isa = PBXFileReference; lastKnownFileType = sourcecode.swift; path = "XCTestCase+FailableDeleteFeedStoreSpecs.swift"; sourceTree = "<group>"; };
		975F8C8F2BE061E7008489E7 /* XCTestCase+FailableRetrieveFeedStoreSpecs.swift */ = {isa = PBXFileReference; lastKnownFileType = sourcecode.swift; path = "XCTestCase+FailableRetrieveFeedStoreSpecs.swift"; sourceTree = "<group>"; };
		97993B5C2BEE50D400C453F7 /* FeedAppiOS.framework */ = {isa = PBXFileReference; explicitFileType = wrapper.framework; includeInIndex = 0; path = FeedAppiOS.framework; sourceTree = BUILT_PRODUCTS_DIR; };
		97993B632BEE50D500C453F7 /* FeedAppiOSTests.xctest */ = {isa = PBXFileReference; explicitFileType = wrapper.cfbundle; includeInIndex = 0; path = FeedAppiOSTests.xctest; sourceTree = BUILT_PRODUCTS_DIR; };
		97993B732BEE565B00C453F7 /* CI_iOS.xctestplan */ = {isa = PBXFileReference; lastKnownFileType = text; path = CI_iOS.xctestplan; sourceTree = "<group>"; };
		97AAE39F2BE504EC0073BD75 /* CoreDataFeedStoreTests.swift */ = {isa = PBXFileReference; lastKnownFileType = sourcecode.swift; path = CoreDataFeedStoreTests.swift; sourceTree = "<group>"; };
		97AAE3A12BE5057F0073BD75 /* CoreDataFeedStore.swift */ = {isa = PBXFileReference; lastKnownFileType = sourcecode.swift; path = CoreDataFeedStore.swift; sourceTree = "<group>"; };
		97AAE3A42BE506480073BD75 /* FeedStore.xcdatamodel */ = {isa = PBXFileReference; lastKnownFileType = wrapper.xcdatamodel; path = FeedStore.xcdatamodel; sourceTree = "<group>"; };
		97AAE3A92BE5246E0073BD75 /* CoreDataHelpers.swift */ = {isa = PBXFileReference; lastKnownFileType = sourcecode.swift; path = CoreDataHelpers.swift; sourceTree = "<group>"; };
		97AAE3AB2BE525230073BD75 /* ManagedCache.swift */ = {isa = PBXFileReference; lastKnownFileType = sourcecode.swift; path = ManagedCache.swift; sourceTree = "<group>"; };
		97AAE3AD2BE525340073BD75 /* ManagedFeedImage.swift */ = {isa = PBXFileReference; lastKnownFileType = sourcecode.swift; path = ManagedFeedImage.swift; sourceTree = "<group>"; };
		97AAE3B32BE535030073BD75 /* FeedAppCacheIntegrationTests.xctest */ = {isa = PBXFileReference; explicitFileType = wrapper.cfbundle; includeInIndex = 0; path = FeedAppCacheIntegrationTests.xctest; sourceTree = BUILT_PRODUCTS_DIR; };
		97AAE3B52BE535030073BD75 /* FeedAppCacheIntegrationTests.swift */ = {isa = PBXFileReference; lastKnownFileType = sourcecode.swift; path = FeedAppCacheIntegrationTests.swift; sourceTree = "<group>"; };
		97E3BD252BCDB734005D8B4E /* URLSessionHTTPClientTests.swift */ = {isa = PBXFileReference; lastKnownFileType = sourcecode.swift; path = URLSessionHTTPClientTests.swift; sourceTree = "<group>"; };
		97E3BD272BCE9E76005D8B4E /* XCTCase+MemoryTrackerHelper.swift */ = {isa = PBXFileReference; lastKnownFileType = sourcecode.swift; path = "XCTCase+MemoryTrackerHelper.swift"; sourceTree = "<group>"; };
		97E3BD2A2BCEC69C005D8B4E /* URLSessionHTTPClient.swift */ = {isa = PBXFileReference; lastKnownFileType = sourcecode.swift; path = URLSessionHTTPClient.swift; sourceTree = "<group>"; };
		97E3BD312BCF0CB2005D8B4E /* FeedAppEndToEndTests.xctest */ = {isa = PBXFileReference; explicitFileType = wrapper.cfbundle; includeInIndex = 0; path = FeedAppEndToEndTests.xctest; sourceTree = BUILT_PRODUCTS_DIR; };
		97E3BD332BCF0CB2005D8B4E /* FeedAppEndToEndTests.swift */ = {isa = PBXFileReference; lastKnownFileType = sourcecode.swift; path = FeedAppEndToEndTests.swift; sourceTree = "<group>"; };
		97E3BD3D2BCF930D005D8B4E /* FeedApp.xctestplan */ = {isa = PBXFileReference; lastKnownFileType = text; name = FeedApp.xctestplan; path = "Test Plans/FeedApp.xctestplan"; sourceTree = SOURCE_ROOT; };
		97E3BD3E2BCF9337005D8B4E /* CI_macOS.xctestplan */ = {isa = PBXFileReference; lastKnownFileType = text; name = CI_macOS.xctestplan; path = "Test Plans/CI_macOS.xctestplan"; sourceTree = SOURCE_ROOT; };
/* End PBXFileReference section */

/* Begin PBXFrameworksBuildPhase section */
		973BA9C22BC5478900013B53 /* Frameworks */ = {
			isa = PBXFrameworksBuildPhase;
			buildActionMask = 2147483647;
			files = (
			);
			runOnlyForDeploymentPostprocessing = 0;
		};
		973BA9CA2BC5478C00013B53 /* Frameworks */ = {
			isa = PBXFrameworksBuildPhase;
			buildActionMask = 2147483647;
			files = (
				973BA9CE2BC5478C00013B53 /* FeedApp.framework in Frameworks */,
			);
			runOnlyForDeploymentPostprocessing = 0;
		};
		97993B592BEE50D400C453F7 /* Frameworks */ = {
			isa = PBXFrameworksBuildPhase;
			buildActionMask = 2147483647;
			files = (
				97D7D5752BF35DD600FE3099 /* FeedApp.framework in Frameworks */,
			);
			runOnlyForDeploymentPostprocessing = 0;
		};
		97993B602BEE50D500C453F7 /* Frameworks */ = {
			isa = PBXFrameworksBuildPhase;
			buildActionMask = 2147483647;
			files = (
				97993B642BEE50D500C453F7 /* FeedAppiOS.framework in Frameworks */,
			);
			runOnlyForDeploymentPostprocessing = 0;
		};
		97AAE3B02BE535030073BD75 /* Frameworks */ = {
			isa = PBXFrameworksBuildPhase;
			buildActionMask = 2147483647;
			files = (
				97AAE3B72BE535030073BD75 /* FeedApp.framework in Frameworks */,
			);
			runOnlyForDeploymentPostprocessing = 0;
		};
		97E3BD2E2BCF0CB2005D8B4E /* Frameworks */ = {
			isa = PBXFrameworksBuildPhase;
			buildActionMask = 2147483647;
			files = (
				97E3BD352BCF0CB2005D8B4E /* FeedApp.framework in Frameworks */,
			);
			runOnlyForDeploymentPostprocessing = 0;
		};
/* End PBXFrameworksBuildPhase section */

/* Begin PBXGroup section */
		97102C422BD7D58D007C90B3 /* Feed Cashe */ = {
			isa = PBXGroup;
			children = (
				97AAE3A62BE523470073BD75 /* Infrastructure */,
				97102C432BD7D5AE007C90B3 /* LocalFeedLoader.swift */,
				97102C542BDA5466007C90B3 /* FeedCachePolicy.swift */,
				97102C472BD84EBC007C90B3 /* LocalFeedImage.swift */,
				97102C452BD7D649007C90B3 /* FeedStore.swift */,
			);
			path = "Feed Cashe";
			sourceTree = "<group>";
		};
		97102C4B2BD90004007C90B3 /* Helpers */ = {
			isa = PBXGroup;
			children = (
				97102C4C2BD90020007C90B3 /* FeedStoreSPY.swift */,
				97102C502BD972CB007C90B3 /* FeedCacheTestHelpers.swift */,
			);
			path = Helpers;
			sourceTree = "<group>";
		};
		97192B882BD69E2D00AE5E69 /* Feed Cache */ = {
			isa = PBXGroup;
			children = (
				975F8C912BE06295008489E7 /* FeedStoreSpecs */,
				97102C4B2BD90004007C90B3 /* Helpers */,
				97192B8A2BD69E9800AE5E69 /* CacheFeedUseCaseTests.swift */,
				97102C492BD8FE3E007C90B3 /* LoadFeedFromCacheUseCaseTests.swift */,
				97102C4E2BD958DF007C90B3 /* ValidateFeedCacheUseCaseTests.swift */,
				97AAE39F2BE504EC0073BD75 /* CoreDataFeedStoreTests.swift */,
			);
			path = "Feed Cache";
			sourceTree = "<group>";
		};
		97192B892BD69E6800AE5E69 /* Feed API */ = {
			isa = PBXGroup;
			children = (
				973BA9D22BC5478C00013B53 /* LoadFeedFromRemoteUseCaseTests.swift */,
				97E3BD252BCDB734005D8B4E /* URLSessionHTTPClientTests.swift */,
			);
			path = "Feed API";
			sourceTree = "<group>";
		};
		97192B8C2BD6A34200AE5E69 /* Helpers */ = {
			isa = PBXGroup;
			children = (
				97E3BD272BCE9E76005D8B4E /* XCTCase+MemoryTrackerHelper.swift */,
				97102C522BD97517007C90B3 /* SharedTestHelpers.swift */,
			);
			path = Helpers;
			sourceTree = "<group>";
		};
		973BA9BB2BC5478900013B53 = {
			isa = PBXGroup;
			children = (
				97D7D57B2BF35E5D00FE3099 /* FeedAppiOS */,
				97D7D57A2BF35E5200FE3099 /* FeedAppiOSTest */,
				973BA9C72BC5478900013B53 /* FeedApp */,
				973BA9D12BC5478C00013B53 /* FeedAppTests */,
				97E3BD322BCF0CB2005D8B4E /* FeedAppEndToEndTests */,
				97E3BD3F2BCF9378005D8B4E /* Test Plans */,
				97AAE3B42BE535030073BD75 /* FeedAppCacheIntegrationTests */,
				973BA9C62BC5478900013B53 /* Products */,
				97D7D5742BF35DD600FE3099 /* Frameworks */,
			);
			sourceTree = "<group>";
		};
		973BA9C62BC5478900013B53 /* Products */ = {
			isa = PBXGroup;
			children = (
				973BA9C52BC5478900013B53 /* FeedApp.framework */,
				973BA9CD2BC5478C00013B53 /* FeedAppTests.xctest */,
				97E3BD312BCF0CB2005D8B4E /* FeedAppEndToEndTests.xctest */,
				97AAE3B32BE535030073BD75 /* FeedAppCacheIntegrationTests.xctest */,
				97993B5C2BEE50D400C453F7 /* FeedAppiOS.framework */,
				97993B632BEE50D500C453F7 /* FeedAppiOSTests.xctest */,
			);
			name = Products;
			sourceTree = "<group>";
		};
		973BA9C72BC5478900013B53 /* FeedApp */ = {
			isa = PBXGroup;
			children = (
				973BA9C82BC5478900013B53 /* FeedApp.h */,
				97102C422BD7D58D007C90B3 /* Feed Cashe */,
				973BA9E22BC57C5400013B53 /* Feed API */,
				973BA9E12BC549C100013B53 /* Feed Feature   */,
			);
			path = FeedApp;
			sourceTree = "<group>";
		};
		973BA9D12BC5478C00013B53 /* FeedAppTests */ = {
			isa = PBXGroup;
			children = (
				97192B8C2BD6A34200AE5E69 /* Helpers */,
				97192B882BD69E2D00AE5E69 /* Feed Cache */,
				97192B892BD69E6800AE5E69 /* Feed API */,
			);
			path = FeedAppTests;
			sourceTree = "<group>";
		};
		973BA9E12BC549C100013B53 /* Feed Feature   */ = {
			isa = PBXGroup;
			children = (
				973BA9DD2BC547C400013B53 /* FeedImage.swift */,
				973BA9DF2BC5489600013B53 /* FeedLoader.swift */,
			);
			path = "Feed Feature  ";
			sourceTree = "<group>";
		};
		973BA9E22BC57C5400013B53 /* Feed API */ = {
			isa = PBXGroup;
			children = (
				973BA9E32BC57C6700013B53 /* RemoteFeedLoader.swift */,
				975945E12BCA777C005F6F16 /* HTTPClient.swift */,
				975945E32BCA77E6005F6F16 /* FeedItemsMapper.swift */,
				97E3BD2A2BCEC69C005D8B4E /* URLSessionHTTPClient.swift */,
			);
			path = "Feed API";
			sourceTree = "<group>";
		};
		974D6F422BF4DB1300F7211C /* FeedUI */ = {
			isa = PBXGroup;
			children = (
				974D6F442BF4DB3100F7211C /* Views */,
				974D6F432BF4DB1E00F7211C /* Controllers */,
			);
			path = FeedUI;
			sourceTree = "<group>";
		};
		974D6F432BF4DB1E00F7211C /* Controllers */ = {
			isa = PBXGroup;
			children = (
				9708B1C72BF28E9800D170EA /* FeedViewController.swift */,
			);
			path = Controllers;
			sourceTree = "<group>";
		};
		974D6F442BF4DB3100F7211C /* Views */ = {
			isa = PBXGroup;
			children = (
				974D6F402BF3A07B00F7211C /* UIView+Shimmering.swift */,
				974D6F3E2BF366A700F7211C /* FeedImageCell.swift */,
			);
			path = Views;
			sourceTree = "<group>";
		};
		974D6F452BF4DB4200F7211C /* Feed Image Loader */ = {
			isa = PBXGroup;
			children = (
				974D6F462BF4DB9900F7211C /* FeedImageDataLoader.swift */,
			);
			path = "Feed Image Loader";
			sourceTree = "<group>";
		};
		974D6F482BF4DCEC00F7211C /* Helpers */ = {
			isa = PBXGroup;
			children = (
				974D6F492BF4DD0C00F7211C /* UIImage+TestHelpers.swift */,
				974D6F4C2BF4DDA100F7211C /* UIRefreshControl+TestHelpers.swift */,
				974D6F502BF4DE4F00F7211C /* UIControl+TestHelpers.swift */,
				974D6F4E2BF4DDED00F7211C /* UIButton+TestHelpers.swift */,
				974D6F522BF4DF0400F7211C /* FeedViewController+TestHelpers.swift */,
				974D6F542BF4DF7500F7211C /* FeedImageCell+TestHelpers.swift */,
			);
			path = Helpers;
			sourceTree = "<group>";
		};
		975F8C912BE06295008489E7 /* FeedStoreSpecs */ = {
			isa = PBXGroup;
			children = (
				97102C5A2BE05B60007C90B3 /* FeedStoreSpecs.swift */,
				97102C5C2BE05E19007C90B3 /* XCTestCase+FeedStoreSpecs.swift */,
				975F8C8D2BE0614E008489E7 /* XCTestCase+FailableDeleteFeedStoreSpecs.swift */,
				975F8C8B2BE060CC008489E7 /* XCTestCase+FailableInsertFeedStoreSpecs.swift */,
				975F8C8F2BE061E7008489E7 /* XCTestCase+FailableRetrieveFeedStoreSpecs.swift */,
			);
			path = FeedStoreSpecs;
			sourceTree = "<group>";
		};
		97AAE3A62BE523470073BD75 /* Infrastructure */ = {
			isa = PBXGroup;
			children = (
				97AAE3A72BE5240C0073BD75 /* Core Data */,
			);
			path = Infrastructure;
			sourceTree = "<group>";
		};
		97AAE3A72BE5240C0073BD75 /* Core Data */ = {
			isa = PBXGroup;
			children = (
				97AAE3A32BE506480073BD75 /* FeedStore.xcdatamodeld */,
				97AAE3A12BE5057F0073BD75 /* CoreDataFeedStore.swift */,
				97AAE3A92BE5246E0073BD75 /* CoreDataHelpers.swift */,
				97AAE3AB2BE525230073BD75 /* ManagedCache.swift */,
				97AAE3AD2BE525340073BD75 /* ManagedFeedImage.swift */,
			);
			path = "Core Data";
			sourceTree = "<group>";
		};
		97AAE3B42BE535030073BD75 /* FeedAppCacheIntegrationTests */ = {
			isa = PBXGroup;
			children = (
				97AAE3B52BE535030073BD75 /* FeedAppCacheIntegrationTests.swift */,
			);
			path = FeedAppCacheIntegrationTests;
			sourceTree = "<group>";
		};
		97D7D5742BF35DD600FE3099 /* Frameworks */ = {
			isa = PBXGroup;
			children = (
			);
			name = Frameworks;
			sourceTree = "<group>";
		};
		97D7D57A2BF35E5200FE3099 /* FeedAppiOSTest */ = {
			isa = PBXGroup;
			children = (
				9708B1C42BF28D1500D170EA /* FeedViewControllerTests.swift */,
				974D6F482BF4DCEC00F7211C /* Helpers */,
			);
			path = FeedAppiOSTest;
			sourceTree = "<group>";
		};
		97D7D57B2BF35E5D00FE3099 /* FeedAppiOS */ = {
			isa = PBXGroup;
			children = (
				974D6F452BF4DB4200F7211C /* Feed Image Loader */,
				974D6F422BF4DB1300F7211C /* FeedUI */,
			);
			path = FeedAppiOS;
			sourceTree = "<group>";
		};
		97E3BD322BCF0CB2005D8B4E /* FeedAppEndToEndTests */ = {
			isa = PBXGroup;
			children = (
				97E3BD332BCF0CB2005D8B4E /* FeedAppEndToEndTests.swift */,
			);
			path = FeedAppEndToEndTests;
			sourceTree = "<group>";
		};
		97E3BD3F2BCF9378005D8B4E /* Test Plans */ = {
			isa = PBXGroup;
			children = (
				97E3BD3E2BCF9337005D8B4E /* CI_macOS.xctestplan */,
				9708B1C32BF28AE800D170EA /* FeedAppiOS.xctestplan */,
				97993B732BEE565B00C453F7 /* CI_iOS.xctestplan */,
				97E3BD3D2BCF930D005D8B4E /* FeedApp.xctestplan */,
			);
			path = "Test Plans";
			sourceTree = "<group>";
		};
/* End PBXGroup section */

/* Begin PBXHeadersBuildPhase section */
		973BA9C02BC5478900013B53 /* Headers */ = {
			isa = PBXHeadersBuildPhase;
			buildActionMask = 2147483647;
			files = (
				973BA9D42BC5478C00013B53 /* FeedApp.h in Headers */,
			);
			runOnlyForDeploymentPostprocessing = 0;
		};
		97993B572BEE50D400C453F7 /* Headers */ = {
			isa = PBXHeadersBuildPhase;
			buildActionMask = 2147483647;
			files = (
			);
			runOnlyForDeploymentPostprocessing = 0;
		};
/* End PBXHeadersBuildPhase section */

/* Begin PBXNativeTarget section */
		973BA9C42BC5478900013B53 /* FeedApp */ = {
			isa = PBXNativeTarget;
			buildConfigurationList = 973BA9D72BC5478C00013B53 /* Build configuration list for PBXNativeTarget "FeedApp" */;
			buildPhases = (
				973BA9C02BC5478900013B53 /* Headers */,
				973BA9C12BC5478900013B53 /* Sources */,
				973BA9C22BC5478900013B53 /* Frameworks */,
				973BA9C32BC5478900013B53 /* Resources */,
			);
			buildRules = (
			);
			dependencies = (
			);
			name = FeedApp;
			productName = FeedApp;
			productReference = 973BA9C52BC5478900013B53 /* FeedApp.framework */;
			productType = "com.apple.product-type.framework";
		};
		973BA9CC2BC5478C00013B53 /* FeedAppTests */ = {
			isa = PBXNativeTarget;
			buildConfigurationList = 973BA9DA2BC5478C00013B53 /* Build configuration list for PBXNativeTarget "FeedAppTests" */;
			buildPhases = (
				973BA9C92BC5478C00013B53 /* Sources */,
				973BA9CA2BC5478C00013B53 /* Frameworks */,
				973BA9CB2BC5478C00013B53 /* Resources */,
			);
			buildRules = (
			);
			dependencies = (
				973BA9D02BC5478C00013B53 /* PBXTargetDependency */,
			);
			name = FeedAppTests;
			productName = FeedAppTests;
			productReference = 973BA9CD2BC5478C00013B53 /* FeedAppTests.xctest */;
			productType = "com.apple.product-type.bundle.unit-test";
		};
		97993B5B2BEE50D400C453F7 /* FeedAppiOS */ = {
			isa = PBXNativeTarget;
			buildConfigurationList = 97993B6B2BEE50D500C453F7 /* Build configuration list for PBXNativeTarget "FeedAppiOS" */;
			buildPhases = (
				97993B572BEE50D400C453F7 /* Headers */,
				97993B582BEE50D400C453F7 /* Sources */,
				97993B592BEE50D400C453F7 /* Frameworks */,
				97993B5A2BEE50D400C453F7 /* Resources */,
			);
			buildRules = (
			);
			dependencies = (
				97D7D5782BF35DD600FE3099 /* PBXTargetDependency */,
			);
			name = FeedAppiOS;
			productName = FeedAppiOS;
			productReference = 97993B5C2BEE50D400C453F7 /* FeedAppiOS.framework */;
			productType = "com.apple.product-type.framework";
		};
		97993B622BEE50D500C453F7 /* FeedAppiOSTests */ = {
			isa = PBXNativeTarget;
			buildConfigurationList = 97993B6E2BEE50D500C453F7 /* Build configuration list for PBXNativeTarget "FeedAppiOSTests" */;
			buildPhases = (
				97993B5F2BEE50D500C453F7 /* Sources */,
				97993B602BEE50D500C453F7 /* Frameworks */,
				97993B612BEE50D500C453F7 /* Resources */,
			);
			buildRules = (
			);
			dependencies = (
				97993B662BEE50D500C453F7 /* PBXTargetDependency */,
			);
			name = FeedAppiOSTests;
			productName = FeedAppiOSTests;
			productReference = 97993B632BEE50D500C453F7 /* FeedAppiOSTests.xctest */;
			productType = "com.apple.product-type.bundle.unit-test";
		};
		97AAE3B22BE535030073BD75 /* FeedAppCacheIntegrationTests */ = {
			isa = PBXNativeTarget;
			buildConfigurationList = 97AAE3BC2BE535030073BD75 /* Build configuration list for PBXNativeTarget "FeedAppCacheIntegrationTests" */;
			buildPhases = (
				97AAE3AF2BE535030073BD75 /* Sources */,
				97AAE3B02BE535030073BD75 /* Frameworks */,
				97AAE3B12BE535030073BD75 /* Resources */,
			);
			buildRules = (
			);
			dependencies = (
				97AAE3B92BE535030073BD75 /* PBXTargetDependency */,
			);
			name = FeedAppCacheIntegrationTests;
			productName = FeedAppCacheIntegrationTests;
			productReference = 97AAE3B32BE535030073BD75 /* FeedAppCacheIntegrationTests.xctest */;
			productType = "com.apple.product-type.bundle.unit-test";
		};
		97E3BD302BCF0CB2005D8B4E /* FeedAppEndToEndTests */ = {
			isa = PBXNativeTarget;
			buildConfigurationList = 97E3BD3A2BCF0CB2005D8B4E /* Build configuration list for PBXNativeTarget "FeedAppEndToEndTests" */;
			buildPhases = (
				97E3BD2D2BCF0CB2005D8B4E /* Sources */,
				97E3BD2E2BCF0CB2005D8B4E /* Frameworks */,
				97E3BD2F2BCF0CB2005D8B4E /* Resources */,
			);
			buildRules = (
			);
			dependencies = (
				97E3BD372BCF0CB2005D8B4E /* PBXTargetDependency */,
			);
			name = FeedAppEndToEndTests;
			productName = FeedAppEndToEndTests;
			productReference = 97E3BD312BCF0CB2005D8B4E /* FeedAppEndToEndTests.xctest */;
			productType = "com.apple.product-type.bundle.unit-test";
		};
/* End PBXNativeTarget section */

/* Begin PBXProject section */
		973BA9BC2BC5478900013B53 /* Project object */ = {
			isa = PBXProject;
			attributes = {
				BuildIndependentTargetsInParallel = 1;
				LastSwiftUpdateCheck = 1530;
				LastUpgradeCheck = 1530;
				TargetAttributes = {
					973BA9C42BC5478900013B53 = {
						CreatedOnToolsVersion = 15.3;
						LastSwiftMigration = 1530;
					};
					973BA9CC2BC5478C00013B53 = {
						CreatedOnToolsVersion = 15.3;
					};
					97993B5B2BEE50D400C453F7 = {
						CreatedOnToolsVersion = 15.3;
						LastSwiftMigration = 1530;
					};
					97993B622BEE50D500C453F7 = {
						CreatedOnToolsVersion = 15.3;
					};
					97AAE3B22BE535030073BD75 = {
						CreatedOnToolsVersion = 15.3;
					};
					97E3BD302BCF0CB2005D8B4E = {
						CreatedOnToolsVersion = 15.3;
					};
				};
			};
			buildConfigurationList = 973BA9BF2BC5478900013B53 /* Build configuration list for PBXProject "FeedApp" */;
			compatibilityVersion = "Xcode 14.0";
			developmentRegion = en;
			hasScannedForEncodings = 0;
			knownRegions = (
				en,
				Base,
			);
			mainGroup = 973BA9BB2BC5478900013B53;
			productRefGroup = 973BA9C62BC5478900013B53 /* Products */;
			projectDirPath = "";
			projectRoot = "";
			targets = (
				973BA9C42BC5478900013B53 /* FeedApp */,
				973BA9CC2BC5478C00013B53 /* FeedAppTests */,
				97E3BD302BCF0CB2005D8B4E /* FeedAppEndToEndTests */,
				97AAE3B22BE535030073BD75 /* FeedAppCacheIntegrationTests */,
				97993B5B2BEE50D400C453F7 /* FeedAppiOS */,
				97993B622BEE50D500C453F7 /* FeedAppiOSTests */,
			);
		};
/* End PBXProject section */

/* Begin PBXResourcesBuildPhase section */
		973BA9C32BC5478900013B53 /* Resources */ = {
			isa = PBXResourcesBuildPhase;
			buildActionMask = 2147483647;
			files = (
			);
			runOnlyForDeploymentPostprocessing = 0;
		};
		973BA9CB2BC5478C00013B53 /* Resources */ = {
			isa = PBXResourcesBuildPhase;
			buildActionMask = 2147483647;
			files = (
			);
			runOnlyForDeploymentPostprocessing = 0;
		};
		97993B5A2BEE50D400C453F7 /* Resources */ = {
			isa = PBXResourcesBuildPhase;
			buildActionMask = 2147483647;
			files = (
			);
			runOnlyForDeploymentPostprocessing = 0;
		};
		97993B612BEE50D500C453F7 /* Resources */ = {
			isa = PBXResourcesBuildPhase;
			buildActionMask = 2147483647;
			files = (
			);
			runOnlyForDeploymentPostprocessing = 0;
		};
		97AAE3B12BE535030073BD75 /* Resources */ = {
			isa = PBXResourcesBuildPhase;
			buildActionMask = 2147483647;
			files = (
			);
			runOnlyForDeploymentPostprocessing = 0;
		};
		97E3BD2F2BCF0CB2005D8B4E /* Resources */ = {
			isa = PBXResourcesBuildPhase;
			buildActionMask = 2147483647;
			files = (
			);
			runOnlyForDeploymentPostprocessing = 0;
		};
/* End PBXResourcesBuildPhase section */

/* Begin PBXSourcesBuildPhase section */
		973BA9C12BC5478900013B53 /* Sources */ = {
			isa = PBXSourcesBuildPhase;
			buildActionMask = 2147483647;
			files = (
				97AAE3AC2BE525230073BD75 /* ManagedCache.swift in Sources */,
				97AAE3A52BE506480073BD75 /* FeedStore.xcdatamodeld in Sources */,
				975945E42BCA77E6005F6F16 /* FeedItemsMapper.swift in Sources */,
				973BA9E02BC5489600013B53 /* FeedLoader.swift in Sources */,
				97102C552BDA5466007C90B3 /* FeedCachePolicy.swift in Sources */,
				97AAE3AE2BE525340073BD75 /* ManagedFeedImage.swift in Sources */,
				97AAE3AA2BE5246E0073BD75 /* CoreDataHelpers.swift in Sources */,
				973BA9E42BC57C6700013B53 /* RemoteFeedLoader.swift in Sources */,
				97102C462BD7D649007C90B3 /* FeedStore.swift in Sources */,
				97102C482BD84EBC007C90B3 /* LocalFeedImage.swift in Sources */,
				97AAE3A22BE5057F0073BD75 /* CoreDataFeedStore.swift in Sources */,
				97102C442BD7D5AE007C90B3 /* LocalFeedLoader.swift in Sources */,
				975945E22BCA777C005F6F16 /* HTTPClient.swift in Sources */,
				973BA9DE2BC547C400013B53 /* FeedImage.swift in Sources */,
				97E3BD2B2BCEC69C005D8B4E /* URLSessionHTTPClient.swift in Sources */,
			);
			runOnlyForDeploymentPostprocessing = 0;
		};
		973BA9C92BC5478C00013B53 /* Sources */ = {
			isa = PBXSourcesBuildPhase;
			buildActionMask = 2147483647;
			files = (
				97102C512BD972CB007C90B3 /* FeedCacheTestHelpers.swift in Sources */,
				97102C4F2BD958DF007C90B3 /* ValidateFeedCacheUseCaseTests.swift in Sources */,
				97102C4D2BD90020007C90B3 /* FeedStoreSPY.swift in Sources */,
				97E3BD262BCDB734005D8B4E /* URLSessionHTTPClientTests.swift in Sources */,
				97E3BD292BCE9EC7005D8B4E /* XCTCase+MemoryTrackerHelper.swift in Sources */,
				975F8C8E2BE0614E008489E7 /* XCTestCase+FailableDeleteFeedStoreSpecs.swift in Sources */,
				975F8C902BE061E7008489E7 /* XCTestCase+FailableRetrieveFeedStoreSpecs.swift in Sources */,
				97102C532BD97517007C90B3 /* SharedTestHelpers.swift in Sources */,
				975F8C8C2BE060CC008489E7 /* XCTestCase+FailableInsertFeedStoreSpecs.swift in Sources */,
				97192B8B2BD69E9800AE5E69 /* CacheFeedUseCaseTests.swift in Sources */,
				97102C4A2BD8FE3E007C90B3 /* LoadFeedFromCacheUseCaseTests.swift in Sources */,
				97102C5B2BE05B60007C90B3 /* FeedStoreSpecs.swift in Sources */,
				973BA9D32BC5478C00013B53 /* LoadFeedFromRemoteUseCaseTests.swift in Sources */,
				97AAE3A02BE504EC0073BD75 /* CoreDataFeedStoreTests.swift in Sources */,
				97102C5D2BE05E19007C90B3 /* XCTestCase+FeedStoreSpecs.swift in Sources */,
			);
			runOnlyForDeploymentPostprocessing = 0;
		};
		97993B582BEE50D400C453F7 /* Sources */ = {
			isa = PBXSourcesBuildPhase;
			buildActionMask = 2147483647;
			files = (
				974D6F472BF4DB9900F7211C /* FeedImageDataLoader.swift in Sources */,
				974D6F412BF3A07B00F7211C /* UIView+Shimmering.swift in Sources */,
				9708B1C82BF28E9800D170EA /* FeedViewController.swift in Sources */,
				974D6F3F2BF366A700F7211C /* FeedImageCell.swift in Sources */,
			);
			runOnlyForDeploymentPostprocessing = 0;
		};
		97993B5F2BEE50D500C453F7 /* Sources */ = {
			isa = PBXSourcesBuildPhase;
			buildActionMask = 2147483647;
			files = (
				9708B1C62BF28D1B00D170EA /* FeedViewControllerTests.swift in Sources */,
				974D6F4F2BF4DDEE00F7211C /* UIButton+TestHelpers.swift in Sources */,
				974D6F4D2BF4DDA100F7211C /* UIRefreshControl+TestHelpers.swift in Sources */,
				974D6F512BF4DE4F00F7211C /* UIControl+TestHelpers.swift in Sources */,
				974D6F532BF4DF0400F7211C /* FeedViewController+TestHelpers.swift in Sources */,
				9708B1C92BF28F1100D170EA /* XCTCase+MemoryTrackerHelper.swift in Sources */,
				974D6F4B2BF4DD5200F7211C /* UIImage+TestHelpers.swift in Sources */,
				974D6F552BF4DF7500F7211C /* FeedImageCell+TestHelpers.swift in Sources */,
			);
			runOnlyForDeploymentPostprocessing = 0;
		};
		97AAE3AF2BE535030073BD75 /* Sources */ = {
			isa = PBXSourcesBuildPhase;
			buildActionMask = 2147483647;
			files = (
				97C7A62E2BE63CFB00E00EEE /* SharedTestHelpers.swift in Sources */,
				97AAE3B62BE535030073BD75 /* FeedAppCacheIntegrationTests.swift in Sources */,
				97C7A62D2BE63CD600E00EEE /* FeedCacheTestHelpers.swift in Sources */,
				97AAE3BD2BE537B20073BD75 /* XCTCase+MemoryTrackerHelper.swift in Sources */,
			);
			runOnlyForDeploymentPostprocessing = 0;
		};
		97E3BD2D2BCF0CB2005D8B4E /* Sources */ = {
			isa = PBXSourcesBuildPhase;
			buildActionMask = 2147483647;
			files = (
				97E3BD342BCF0CB2005D8B4E /* FeedAppEndToEndTests.swift in Sources */,
				97E3BD3B2BCF120B005D8B4E /* XCTCase+MemoryTrackerHelper.swift in Sources */,
			);
			runOnlyForDeploymentPostprocessing = 0;
		};
/* End PBXSourcesBuildPhase section */

/* Begin PBXTargetDependency section */
		973BA9D02BC5478C00013B53 /* PBXTargetDependency */ = {
			isa = PBXTargetDependency;
			target = 973BA9C42BC5478900013B53 /* FeedApp */;
			targetProxy = 973BA9CF2BC5478C00013B53 /* PBXContainerItemProxy */;
		};
		97993B662BEE50D500C453F7 /* PBXTargetDependency */ = {
			isa = PBXTargetDependency;
			target = 97993B5B2BEE50D400C453F7 /* FeedAppiOS */;
			targetProxy = 97993B652BEE50D500C453F7 /* PBXContainerItemProxy */;
		};
		97AAE3B92BE535030073BD75 /* PBXTargetDependency */ = {
			isa = PBXTargetDependency;
			target = 973BA9C42BC5478900013B53 /* FeedApp */;
			targetProxy = 97AAE3B82BE535030073BD75 /* PBXContainerItemProxy */;
		};
		97D7D5782BF35DD600FE3099 /* PBXTargetDependency */ = {
			isa = PBXTargetDependency;
			platformFilter = ios;
			target = 973BA9C42BC5478900013B53 /* FeedApp */;
			targetProxy = 97D7D5772BF35DD600FE3099 /* PBXContainerItemProxy */;
		};
		97E3BD372BCF0CB2005D8B4E /* PBXTargetDependency */ = {
			isa = PBXTargetDependency;
			target = 973BA9C42BC5478900013B53 /* FeedApp */;
			targetProxy = 97E3BD362BCF0CB2005D8B4E /* PBXContainerItemProxy */;
		};
/* End PBXTargetDependency section */

/* Begin XCBuildConfiguration section */
		973BA9D52BC5478C00013B53 /* Debug */ = {
			isa = XCBuildConfiguration;
			buildSettings = {
				ALWAYS_SEARCH_USER_PATHS = NO;
				ASSETCATALOG_COMPILER_GENERATE_SWIFT_ASSET_SYMBOL_EXTENSIONS = YES;
				CLANG_ANALYZER_NONNULL = YES;
				CLANG_ANALYZER_NUMBER_OBJECT_CONVERSION = YES_AGGRESSIVE;
				CLANG_CXX_LANGUAGE_STANDARD = "gnu++20";
				CLANG_ENABLE_MODULES = YES;
				CLANG_ENABLE_OBJC_ARC = YES;
				CLANG_ENABLE_OBJC_WEAK = YES;
				CLANG_WARN_BLOCK_CAPTURE_AUTORELEASING = YES;
				CLANG_WARN_BOOL_CONVERSION = YES;
				CLANG_WARN_COMMA = YES;
				CLANG_WARN_CONSTANT_CONVERSION = YES;
				CLANG_WARN_DEPRECATED_OBJC_IMPLEMENTATIONS = YES;
				CLANG_WARN_DIRECT_OBJC_ISA_USAGE = YES_ERROR;
				CLANG_WARN_DOCUMENTATION_COMMENTS = YES;
				CLANG_WARN_EMPTY_BODY = YES;
				CLANG_WARN_ENUM_CONVERSION = YES;
				CLANG_WARN_INFINITE_RECURSION = YES;
				CLANG_WARN_INT_CONVERSION = YES;
				CLANG_WARN_NON_LITERAL_NULL_CONVERSION = YES;
				CLANG_WARN_OBJC_IMPLICIT_RETAIN_SELF = YES;
				CLANG_WARN_OBJC_LITERAL_CONVERSION = YES;
				CLANG_WARN_OBJC_ROOT_CLASS = YES_ERROR;
				CLANG_WARN_QUOTED_INCLUDE_IN_FRAMEWORK_HEADER = YES;
				CLANG_WARN_RANGE_LOOP_ANALYSIS = YES;
				CLANG_WARN_STRICT_PROTOTYPES = YES;
				CLANG_WARN_SUSPICIOUS_MOVE = YES;
				CLANG_WARN_UNGUARDED_AVAILABILITY = YES_AGGRESSIVE;
				CLANG_WARN_UNREACHABLE_CODE = YES;
				CLANG_WARN__DUPLICATE_METHOD_MATCH = YES;
				COPY_PHASE_STRIP = NO;
				CURRENT_PROJECT_VERSION = 1;
				DEBUG_INFORMATION_FORMAT = dwarf;
				ENABLE_STRICT_OBJC_MSGSEND = YES;
				ENABLE_TESTABILITY = YES;
				ENABLE_USER_SCRIPT_SANDBOXING = YES;
				GCC_C_LANGUAGE_STANDARD = gnu17;
				GCC_DYNAMIC_NO_PIC = NO;
				GCC_NO_COMMON_BLOCKS = YES;
				GCC_OPTIMIZATION_LEVEL = 0;
				GCC_PREPROCESSOR_DEFINITIONS = (
					"DEBUG=1",
					"$(inherited)",
				);
				GCC_WARN_64_TO_32_BIT_CONVERSION = YES;
				GCC_WARN_ABOUT_RETURN_TYPE = YES_ERROR;
				GCC_WARN_UNDECLARED_SELECTOR = YES;
				GCC_WARN_UNINITIALIZED_AUTOS = YES_AGGRESSIVE;
				GCC_WARN_UNUSED_FUNCTION = YES;
				GCC_WARN_UNUSED_VARIABLE = YES;
				LOCALIZATION_PREFERS_STRING_CATALOGS = YES;
				MACOSX_DEPLOYMENT_TARGET = 14.1;
				MTL_ENABLE_DEBUG_INFO = INCLUDE_SOURCE;
				MTL_FAST_MATH = YES;
				ONLY_ACTIVE_ARCH = YES;
				SDKROOT = macosx;
				SUPPORTED_PLATFORMS = "iphonesimulator iphoneos macosx";
				SWIFT_ACTIVE_COMPILATION_CONDITIONS = "DEBUG $(inherited)";
				SWIFT_OPTIMIZATION_LEVEL = "-Onone";
				VERSIONING_SYSTEM = "apple-generic";
				VERSION_INFO_PREFIX = "";
			};
			name = Debug;
		};
		973BA9D62BC5478C00013B53 /* Release */ = {
			isa = XCBuildConfiguration;
			buildSettings = {
				ALWAYS_SEARCH_USER_PATHS = NO;
				ASSETCATALOG_COMPILER_GENERATE_SWIFT_ASSET_SYMBOL_EXTENSIONS = YES;
				CLANG_ANALYZER_NONNULL = YES;
				CLANG_ANALYZER_NUMBER_OBJECT_CONVERSION = YES_AGGRESSIVE;
				CLANG_CXX_LANGUAGE_STANDARD = "gnu++20";
				CLANG_ENABLE_MODULES = YES;
				CLANG_ENABLE_OBJC_ARC = YES;
				CLANG_ENABLE_OBJC_WEAK = YES;
				CLANG_WARN_BLOCK_CAPTURE_AUTORELEASING = YES;
				CLANG_WARN_BOOL_CONVERSION = YES;
				CLANG_WARN_COMMA = YES;
				CLANG_WARN_CONSTANT_CONVERSION = YES;
				CLANG_WARN_DEPRECATED_OBJC_IMPLEMENTATIONS = YES;
				CLANG_WARN_DIRECT_OBJC_ISA_USAGE = YES_ERROR;
				CLANG_WARN_DOCUMENTATION_COMMENTS = YES;
				CLANG_WARN_EMPTY_BODY = YES;
				CLANG_WARN_ENUM_CONVERSION = YES;
				CLANG_WARN_INFINITE_RECURSION = YES;
				CLANG_WARN_INT_CONVERSION = YES;
				CLANG_WARN_NON_LITERAL_NULL_CONVERSION = YES;
				CLANG_WARN_OBJC_IMPLICIT_RETAIN_SELF = YES;
				CLANG_WARN_OBJC_LITERAL_CONVERSION = YES;
				CLANG_WARN_OBJC_ROOT_CLASS = YES_ERROR;
				CLANG_WARN_QUOTED_INCLUDE_IN_FRAMEWORK_HEADER = YES;
				CLANG_WARN_RANGE_LOOP_ANALYSIS = YES;
				CLANG_WARN_STRICT_PROTOTYPES = YES;
				CLANG_WARN_SUSPICIOUS_MOVE = YES;
				CLANG_WARN_UNGUARDED_AVAILABILITY = YES_AGGRESSIVE;
				CLANG_WARN_UNREACHABLE_CODE = YES;
				CLANG_WARN__DUPLICATE_METHOD_MATCH = YES;
				COPY_PHASE_STRIP = NO;
				CURRENT_PROJECT_VERSION = 1;
				DEBUG_INFORMATION_FORMAT = "dwarf-with-dsym";
				ENABLE_NS_ASSERTIONS = NO;
				ENABLE_STRICT_OBJC_MSGSEND = YES;
				ENABLE_USER_SCRIPT_SANDBOXING = YES;
				GCC_C_LANGUAGE_STANDARD = gnu17;
				GCC_NO_COMMON_BLOCKS = YES;
				GCC_WARN_64_TO_32_BIT_CONVERSION = YES;
				GCC_WARN_ABOUT_RETURN_TYPE = YES_ERROR;
				GCC_WARN_UNDECLARED_SELECTOR = YES;
				GCC_WARN_UNINITIALIZED_AUTOS = YES_AGGRESSIVE;
				GCC_WARN_UNUSED_FUNCTION = YES;
				GCC_WARN_UNUSED_VARIABLE = YES;
				LOCALIZATION_PREFERS_STRING_CATALOGS = YES;
				MACOSX_DEPLOYMENT_TARGET = 14.1;
				MTL_ENABLE_DEBUG_INFO = NO;
				MTL_FAST_MATH = YES;
				SDKROOT = macosx;
				SUPPORTED_PLATFORMS = "iphonesimulator iphoneos macosx";
				SWIFT_COMPILATION_MODE = wholemodule;
				VERSIONING_SYSTEM = "apple-generic";
				VERSION_INFO_PREFIX = "";
			};
			name = Release;
		};
		973BA9D82BC5478C00013B53 /* Debug */ = {
			isa = XCBuildConfiguration;
			buildSettings = {
				BUILD_LIBRARY_FOR_DISTRIBUTION = YES;
				CLANG_ENABLE_MODULES = YES;
				CODE_SIGN_STYLE = Automatic;
				COMBINE_HIDPI_IMAGES = YES;
				CURRENT_PROJECT_VERSION = 1;
				DEFINES_MODULE = YES;
				DYLIB_COMPATIBILITY_VERSION = 1;
				DYLIB_CURRENT_VERSION = 1;
				DYLIB_INSTALL_NAME_BASE = "@rpath";
				ENABLE_MODULE_VERIFIER = YES;
				GENERATE_INFOPLIST_FILE = YES;
				INFOPLIST_KEY_NSHumanReadableCopyright = "";
				INSTALL_PATH = "$(LOCAL_LIBRARY_DIR)/Frameworks";
				LD_RUNPATH_SEARCH_PATHS = (
					"$(inherited)",
					"@executable_path/../Frameworks",
					"@loader_path/Frameworks",
				);
				MARKETING_VERSION = 1.0;
				MODULE_VERIFIER_SUPPORTED_LANGUAGES = "objective-c objective-c++";
				MODULE_VERIFIER_SUPPORTED_LANGUAGE_STANDARDS = "gnu17 gnu++20";
				PRODUCT_BUNDLE_IDENTIFIER = "Aram-Isoiryan.FeedApp";
				PRODUCT_NAME = "$(TARGET_NAME:c99extidentifier)";
				SKIP_INSTALL = YES;
				SWIFT_EMIT_LOC_STRINGS = YES;
				SWIFT_INSTALL_OBJC_HEADER = NO;
				SWIFT_OPTIMIZATION_LEVEL = "-Onone";
				SWIFT_VERSION = 5.0;
			};
			name = Debug;
		};
		973BA9D92BC5478C00013B53 /* Release */ = {
			isa = XCBuildConfiguration;
			buildSettings = {
				BUILD_LIBRARY_FOR_DISTRIBUTION = YES;
				CLANG_ENABLE_MODULES = YES;
				CODE_SIGN_STYLE = Automatic;
				COMBINE_HIDPI_IMAGES = YES;
				CURRENT_PROJECT_VERSION = 1;
				DEFINES_MODULE = YES;
				DYLIB_COMPATIBILITY_VERSION = 1;
				DYLIB_CURRENT_VERSION = 1;
				DYLIB_INSTALL_NAME_BASE = "@rpath";
				ENABLE_MODULE_VERIFIER = YES;
				GENERATE_INFOPLIST_FILE = YES;
				INFOPLIST_KEY_NSHumanReadableCopyright = "";
				INSTALL_PATH = "$(LOCAL_LIBRARY_DIR)/Frameworks";
				LD_RUNPATH_SEARCH_PATHS = (
					"$(inherited)",
					"@executable_path/../Frameworks",
					"@loader_path/Frameworks",
				);
				MARKETING_VERSION = 1.0;
				MODULE_VERIFIER_SUPPORTED_LANGUAGES = "objective-c objective-c++";
				MODULE_VERIFIER_SUPPORTED_LANGUAGE_STANDARDS = "gnu17 gnu++20";
				PRODUCT_BUNDLE_IDENTIFIER = "Aram-Isoiryan.FeedApp";
				PRODUCT_NAME = "$(TARGET_NAME:c99extidentifier)";
				SKIP_INSTALL = YES;
				SWIFT_EMIT_LOC_STRINGS = YES;
				SWIFT_INSTALL_OBJC_HEADER = NO;
				SWIFT_VERSION = 5.0;
			};
			name = Release;
		};
		973BA9DB2BC5478C00013B53 /* Debug */ = {
			isa = XCBuildConfiguration;
			buildSettings = {
				ALWAYS_EMBED_SWIFT_STANDARD_LIBRARIES = YES;
				CODE_SIGN_STYLE = Automatic;
				CURRENT_PROJECT_VERSION = 1;
				GENERATE_INFOPLIST_FILE = YES;
				MARKETING_VERSION = 1.0;
				PRODUCT_BUNDLE_IDENTIFIER = "Aram-Isoiryan.FeedAppTests";
				PRODUCT_NAME = "$(TARGET_NAME)";
				SWIFT_EMIT_LOC_STRINGS = NO;
				SWIFT_VERSION = 5.0;
			};
			name = Debug;
		};
		973BA9DC2BC5478C00013B53 /* Release */ = {
			isa = XCBuildConfiguration;
			buildSettings = {
				ALWAYS_EMBED_SWIFT_STANDARD_LIBRARIES = YES;
				CODE_SIGN_STYLE = Automatic;
				CURRENT_PROJECT_VERSION = 1;
				GENERATE_INFOPLIST_FILE = YES;
				MARKETING_VERSION = 1.0;
				PRODUCT_BUNDLE_IDENTIFIER = "Aram-Isoiryan.FeedAppTests";
				PRODUCT_NAME = "$(TARGET_NAME)";
				SWIFT_EMIT_LOC_STRINGS = NO;
				SWIFT_VERSION = 5.0;
			};
			name = Release;
		};
		97993B6C2BEE50D500C453F7 /* Debug */ = {
			isa = XCBuildConfiguration;
			buildSettings = {
				BUILD_LIBRARY_FOR_DISTRIBUTION = YES;
				CLANG_ENABLE_MODULES = YES;
				CODE_SIGN_STYLE = Automatic;
				CURRENT_PROJECT_VERSION = 1;
				DEFINES_MODULE = YES;
				DYLIB_COMPATIBILITY_VERSION = 1;
				DYLIB_CURRENT_VERSION = 1;
				DYLIB_INSTALL_NAME_BASE = "@rpath";
				ENABLE_MODULE_VERIFIER = YES;
				GENERATE_INFOPLIST_FILE = YES;
				INFOPLIST_KEY_NSHumanReadableCopyright = "";
				INSTALL_PATH = "$(LOCAL_LIBRARY_DIR)/Frameworks";
				IPHONEOS_DEPLOYMENT_TARGET = 17.4;
				LD_RUNPATH_SEARCH_PATHS = (
					"$(inherited)",
					"@executable_path/Frameworks",
					"@loader_path/Frameworks",
				);
				MARKETING_VERSION = 1.0;
				MODULE_VERIFIER_SUPPORTED_LANGUAGES = "objective-c objective-c++";
				MODULE_VERIFIER_SUPPORTED_LANGUAGE_STANDARDS = "gnu17 gnu++20";
				PRODUCT_BUNDLE_IDENTIFIER = "Aram-Ispiryan.FeedAppiOS";
				PRODUCT_NAME = "$(TARGET_NAME:c99extidentifier)";
				SDKROOT = iphoneos;
				SKIP_INSTALL = YES;
				SUPPORTED_PLATFORMS = "iphonesimulator iphoneos";
				SWIFT_EMIT_LOC_STRINGS = YES;
				SWIFT_INSTALL_OBJC_HEADER = NO;
				SWIFT_OPTIMIZATION_LEVEL = "-Onone";
				SWIFT_VERSION = 5.0;
				TARGETED_DEVICE_FAMILY = "1,2";
			};
			name = Debug;
		};
		97993B6D2BEE50D500C453F7 /* Release */ = {
			isa = XCBuildConfiguration;
			buildSettings = {
				BUILD_LIBRARY_FOR_DISTRIBUTION = YES;
				CLANG_ENABLE_MODULES = YES;
				CODE_SIGN_STYLE = Automatic;
				CURRENT_PROJECT_VERSION = 1;
				DEFINES_MODULE = YES;
				DYLIB_COMPATIBILITY_VERSION = 1;
				DYLIB_CURRENT_VERSION = 1;
				DYLIB_INSTALL_NAME_BASE = "@rpath";
				ENABLE_MODULE_VERIFIER = YES;
				GENERATE_INFOPLIST_FILE = YES;
				INFOPLIST_KEY_NSHumanReadableCopyright = "";
				INSTALL_PATH = "$(LOCAL_LIBRARY_DIR)/Frameworks";
				IPHONEOS_DEPLOYMENT_TARGET = 17.4;
				LD_RUNPATH_SEARCH_PATHS = (
					"$(inherited)",
					"@executable_path/Frameworks",
					"@loader_path/Frameworks",
				);
				MARKETING_VERSION = 1.0;
				MODULE_VERIFIER_SUPPORTED_LANGUAGES = "objective-c objective-c++";
				MODULE_VERIFIER_SUPPORTED_LANGUAGE_STANDARDS = "gnu17 gnu++20";
				PRODUCT_BUNDLE_IDENTIFIER = "Aram-Ispiryan.FeedAppiOS";
				PRODUCT_NAME = "$(TARGET_NAME:c99extidentifier)";
				SDKROOT = iphoneos;
				SKIP_INSTALL = YES;
				SUPPORTED_PLATFORMS = "iphonesimulator iphoneos";
				SWIFT_EMIT_LOC_STRINGS = YES;
				SWIFT_INSTALL_OBJC_HEADER = NO;
				SWIFT_VERSION = 5.0;
				TARGETED_DEVICE_FAMILY = "1,2";
				VALIDATE_PRODUCT = YES;
			};
			name = Release;
		};
		97993B6F2BEE50D500C453F7 /* Debug */ = {
			isa = XCBuildConfiguration;
			buildSettings = {
				ALWAYS_EMBED_SWIFT_STANDARD_LIBRARIES = YES;
				CODE_SIGN_STYLE = Automatic;
				CURRENT_PROJECT_VERSION = 1;
				DEVELOPMENT_TEAM = 4TT3G86M3T;
				GENERATE_INFOPLIST_FILE = YES;
				IPHONEOS_DEPLOYMENT_TARGET = 17.4;
				MARKETING_VERSION = 1.0;
				PRODUCT_BUNDLE_IDENTIFIER = "Aram-Ispiryan.FeedAppiOSTests";
				PRODUCT_NAME = "$(TARGET_NAME)";
				SDKROOT = iphoneos;
				SUPPORTED_PLATFORMS = "iphonesimulator iphoneos";
				SWIFT_EMIT_LOC_STRINGS = NO;
				SWIFT_VERSION = 5.0;
				TARGETED_DEVICE_FAMILY = "1,2";
			};
			name = Debug;
		};
		97993B702BEE50D500C453F7 /* Release */ = {
			isa = XCBuildConfiguration;
			buildSettings = {
				ALWAYS_EMBED_SWIFT_STANDARD_LIBRARIES = YES;
				CODE_SIGN_STYLE = Automatic;
				CURRENT_PROJECT_VERSION = 1;
				DEVELOPMENT_TEAM = 4TT3G86M3T;
				GENERATE_INFOPLIST_FILE = YES;
				IPHONEOS_DEPLOYMENT_TARGET = 17.4;
				MARKETING_VERSION = 1.0;
				PRODUCT_BUNDLE_IDENTIFIER = "Aram-Ispiryan.FeedAppiOSTests";
				PRODUCT_NAME = "$(TARGET_NAME)";
				SDKROOT = iphoneos;
				SUPPORTED_PLATFORMS = "iphonesimulator iphoneos";
				SWIFT_EMIT_LOC_STRINGS = NO;
				SWIFT_VERSION = 5.0;
				TARGETED_DEVICE_FAMILY = "1,2";
				VALIDATE_PRODUCT = YES;
			};
			name = Release;
		};
		97AAE3BA2BE535030073BD75 /* Debug */ = {
			isa = XCBuildConfiguration;
			buildSettings = {
				CODE_SIGN_STYLE = Automatic;
				CURRENT_PROJECT_VERSION = 1;
				GENERATE_INFOPLIST_FILE = YES;
				MARKETING_VERSION = 1.0;
				PRODUCT_BUNDLE_IDENTIFIER = "Aram-Isoiryan.FeedAppCacheIntegrationTests";
				PRODUCT_NAME = "$(TARGET_NAME)";
				SWIFT_EMIT_LOC_STRINGS = NO;
				SWIFT_VERSION = 5.0;
			};
			name = Debug;
		};
		97AAE3BB2BE535030073BD75 /* Release */ = {
			isa = XCBuildConfiguration;
			buildSettings = {
				CODE_SIGN_STYLE = Automatic;
				CURRENT_PROJECT_VERSION = 1;
				GENERATE_INFOPLIST_FILE = YES;
				MARKETING_VERSION = 1.0;
				PRODUCT_BUNDLE_IDENTIFIER = "Aram-Isoiryan.FeedAppCacheIntegrationTests";
				PRODUCT_NAME = "$(TARGET_NAME)";
				SWIFT_EMIT_LOC_STRINGS = NO;
				SWIFT_VERSION = 5.0;
			};
			name = Release;
		};
		97E3BD382BCF0CB2005D8B4E /* Debug */ = {
			isa = XCBuildConfiguration;
			buildSettings = {
				CODE_SIGN_STYLE = Automatic;
				CURRENT_PROJECT_VERSION = 1;
				GENERATE_INFOPLIST_FILE = YES;
				MARKETING_VERSION = 1.0;
				PRODUCT_BUNDLE_IDENTIFIER = "Aram-Isoiryan.FeedAppEndToEndTests";
				PRODUCT_NAME = "$(TARGET_NAME)";
				SWIFT_EMIT_LOC_STRINGS = NO;
				SWIFT_VERSION = 5.0;
			};
			name = Debug;
		};
		97E3BD392BCF0CB2005D8B4E /* Release */ = {
			isa = XCBuildConfiguration;
			buildSettings = {
				CODE_SIGN_STYLE = Automatic;
				CURRENT_PROJECT_VERSION = 1;
				GENERATE_INFOPLIST_FILE = YES;
				MARKETING_VERSION = 1.0;
				PRODUCT_BUNDLE_IDENTIFIER = "Aram-Isoiryan.FeedAppEndToEndTests";
				PRODUCT_NAME = "$(TARGET_NAME)";
				SWIFT_EMIT_LOC_STRINGS = NO;
				SWIFT_VERSION = 5.0;
			};
			name = Release;
		};
/* End XCBuildConfiguration section */

/* Begin XCConfigurationList section */
		973BA9BF2BC5478900013B53 /* Build configuration list for PBXProject "FeedApp" */ = {
			isa = XCConfigurationList;
			buildConfigurations = (
				973BA9D52BC5478C00013B53 /* Debug */,
				973BA9D62BC5478C00013B53 /* Release */,
			);
			defaultConfigurationIsVisible = 0;
			defaultConfigurationName = Release;
		};
		973BA9D72BC5478C00013B53 /* Build configuration list for PBXNativeTarget "FeedApp" */ = {
			isa = XCConfigurationList;
			buildConfigurations = (
				973BA9D82BC5478C00013B53 /* Debug */,
				973BA9D92BC5478C00013B53 /* Release */,
			);
			defaultConfigurationIsVisible = 0;
			defaultConfigurationName = Release;
		};
		973BA9DA2BC5478C00013B53 /* Build configuration list for PBXNativeTarget "FeedAppTests" */ = {
			isa = XCConfigurationList;
			buildConfigurations = (
				973BA9DB2BC5478C00013B53 /* Debug */,
				973BA9DC2BC5478C00013B53 /* Release */,
			);
			defaultConfigurationIsVisible = 0;
			defaultConfigurationName = Release;
		};
		97993B6B2BEE50D500C453F7 /* Build configuration list for PBXNativeTarget "FeedAppiOS" */ = {
			isa = XCConfigurationList;
			buildConfigurations = (
				97993B6C2BEE50D500C453F7 /* Debug */,
				97993B6D2BEE50D500C453F7 /* Release */,
			);
			defaultConfigurationIsVisible = 0;
			defaultConfigurationName = Release;
		};
		97993B6E2BEE50D500C453F7 /* Build configuration list for PBXNativeTarget "FeedAppiOSTests" */ = {
			isa = XCConfigurationList;
			buildConfigurations = (
				97993B6F2BEE50D500C453F7 /* Debug */,
				97993B702BEE50D500C453F7 /* Release */,
			);
			defaultConfigurationIsVisible = 0;
			defaultConfigurationName = Release;
		};
		97AAE3BC2BE535030073BD75 /* Build configuration list for PBXNativeTarget "FeedAppCacheIntegrationTests" */ = {
			isa = XCConfigurationList;
			buildConfigurations = (
				97AAE3BA2BE535030073BD75 /* Debug */,
				97AAE3BB2BE535030073BD75 /* Release */,
			);
			defaultConfigurationIsVisible = 0;
			defaultConfigurationName = Release;
		};
		97E3BD3A2BCF0CB2005D8B4E /* Build configuration list for PBXNativeTarget "FeedAppEndToEndTests" */ = {
			isa = XCConfigurationList;
			buildConfigurations = (
				97E3BD382BCF0CB2005D8B4E /* Debug */,
				97E3BD392BCF0CB2005D8B4E /* Release */,
			);
			defaultConfigurationIsVisible = 0;
			defaultConfigurationName = Release;
		};
/* End XCConfigurationList section */

/* Begin XCVersionGroup section */
		97AAE3A32BE506480073BD75 /* FeedStore.xcdatamodeld */ = {
			isa = XCVersionGroup;
			children = (
				97AAE3A42BE506480073BD75 /* FeedStore.xcdatamodel */,
			);
			currentVersion = 97AAE3A42BE506480073BD75 /* FeedStore.xcdatamodel */;
			path = FeedStore.xcdatamodeld;
			sourceTree = "<group>";
			versionGroupType = wrapper.xcdatamodel;
		};
/* End XCVersionGroup section */
	};
	rootObject = 973BA9BC2BC5478900013B53 /* Project object */;
}
